
Microsoft Visual Studio Solution File, Format Version 12.00
# Visual Studio Version 16
VisualStudioVersion = 16.0.30907.101
MinimumVisualStudioVersion = 15.0.26124.0
Project("{9A19103F-16F7-4668-BE54-9A1E7A4F7556}") = "iidx-dbir-dotnet-cli", "iidx-dbir-dotnet-cli\iidx-dbir-dotnet-cli.csproj", "{BB64DBA7-445A-4EB9-B419-218618912C79}"
EndProject
Project("{FAE04EC0-301F-11D3-BF4B-00C04F79EFBC}") = "iidx-dbir-dotnet-lib", "iidx-dbir-dotnet-lib\iidx-dbir-dotnet-lib.csproj", "{B8738709-2BFE-47C3-AEB9-F8E09A2D086A}"
EndProject
Global
	GlobalSection(SolutionConfigurationPlatforms) = preSolution
		Debug|Any CPU = Debug|Any CPU
		Debug|x64 = Debug|x64
		Debug|x86 = Debug|x86
		Release|Any CPU = Release|Any CPU
		Release|x64 = Release|x64
		Release|x86 = Release|x86
	EndGlobalSection
	GlobalSection(ProjectConfigurationPlatforms) = postSolution
		{BB64DBA7-445A-4EB9-B419-218618912C79}.Debug|Any CPU.ActiveCfg = Debug|Any CPU
		{BB64DBA7-445A-4EB9-B419-218618912C79}.Debug|Any CPU.Build.0 = Debug|Any CPU
		{BB64DBA7-445A-4EB9-B419-218618912C79}.Debug|x64.ActiveCfg = Debug|Any CPU
		{BB64DBA7-445A-4EB9-B419-218618912C79}.Debug|x64.Build.0 = Debug|Any CPU
		{BB64DBA7-445A-4EB9-B419-218618912C79}.Debug|x86.ActiveCfg = Debug|Any CPU
		{BB64DBA7-445A-4EB9-B419-218618912C79}.Debug|x86.Build.0 = Debug|Any CPU
		{BB64DBA7-445A-4EB9-B419-218618912C79}.Release|Any CPU.ActiveCfg = Release|Any CPU
		{BB64DBA7-445A-4EB9-B419-218618912C79}.Release|Any CPU.Build.0 = Release|Any CPU
		{BB64DBA7-445A-4EB9-B419-218618912C79}.Release|x64.ActiveCfg = Release|Any CPU
		{BB64DBA7-445A-4EB9-B419-218618912C79}.Release|x64.Build.0 = Release|Any CPU
		{BB64DBA7-445A-4EB9-B419-218618912C79}.Release|x86.ActiveCfg = Release|Any CPU
		{BB64DBA7-445A-4EB9-B419-218618912C79}.Release|x86.Build.0 = Release|Any CPU
		{B8738709-2BFE-47C3-AEB9-F8E09A2D086A}.Debug|Any CPU.ActiveCfg = Debug|Any CPU
		{B8738709-2BFE-47C3-AEB9-F8E09A2D086A}.Debug|Any CPU.Build.0 = Debug|Any CPU
		{B8738709-2BFE-47C3-AEB9-F8E09A2D086A}.Debug|x64.ActiveCfg = Debug|Any CPU
		{B8738709-2BFE-47C3-AEB9-F8E09A2D086A}.Debug|x64.Build.0 = Debug|Any CPU
		{B8738709-2BFE-47C3-AEB9-F8E09A2D086A}.Debug|x86.ActiveCfg = Debug|Any CPU
		{B8738709-2BFE-47C3-AEB9-F8E09A2D086A}.Debug|x86.Build.0 = Debug|Any CPU
		{B8738709-2BFE-47C3-AEB9-F8E09A2D086A}.Release|Any CPU.ActiveCfg = Release|Any CPU
		{B8738709-2BFE-47C3-AEB9-F8E09A2D086A}.Release|Any CPU.Build.0 = Release|Any CPU
		{B8738709-2BFE-47C3-AEB9-F8E09A2D086A}.Release|x64.ActiveCfg = Release|Any CPU
		{B8738709-2BFE-47C3-AEB9-F8E09A2D086A}.Release|x64.Build.0 = Release|Any CPU
		{B8738709-2BFE-47C3-AEB9-F8E09A2D086A}.Release|x86.ActiveCfg = Release|Any CPU
		{B8738709-2BFE-47C3-AEB9-F8E09A2D086A}.Release|x86.Build.0 = Release|Any CPU
	EndGlobalSection
	GlobalSection(SolutionProperties) = preSolution
		HideSolutionNode = FALSE
	EndGlobalSection
	GlobalSection(ExtensibilityGlobals) = postSolution
		SolutionGuid = {0106A431-063B-4F09-8AF5-3A0279CA518C}
	EndGlobalSection
EndGlobal
